
Microsoft Visual Studio Solution File, Format Version 12.00
Project("{FAE04EC0-301F-11D3-BF4B-00C04F79EFBC}") = "GAME140_MagicNumbers", "GAME140_MagicNumbers.csproj", "{B096EFA6-B62D-4F45-8805-4DC0D7B44FF6}"
EndProject
Global
	GlobalSection(SolutionConfigurationPlatforms) = preSolution
		Debug|Any CPU = Debug|Any CPU
		Release|Any CPU = Release|Any CPU
	EndGlobalSection
	GlobalSection(ProjectConfigurationPlatforms) = postSolution
		{B096EFA6-B62D-4F45-8805-4DC0D7B44FF6}.Debug|Any CPU.ActiveCfg = Debug|Any CPU
		{B096EFA6-B62D-4F45-8805-4DC0D7B44FF6}.Debug|Any CPU.Build.0 = Debug|Any CPU
		{B096EFA6-B62D-4F45-8805-4DC0D7B44FF6}.Release|Any CPU.ActiveCfg = Release|Any CPU
		{B096EFA6-B62D-4F45-8805-4DC0D7B44FF6}.Release|Any CPU.Build.0 = Release|Any CPU
	EndGlobalSection
EndGlobal
